# This file is autogenerated, do not edit; changes may be undone by the next 'dep ensure'.


[[projects]]
  branch = "master"
  name = "github.com/dixonwille/skywalker"
  packages = ["."]
  revision = "07698455332d45ab68480d1e01b924797d8d8179"

[[projects]]
  name = "github.com/gobwas/glob"
  packages = [".","compiler","match","syntax","syntax/ast","syntax/lexer","util/runes","util/strings"]
  revision = "5ccd90ef52e1e632236f7326478d4faa74f99438"
  version = "v0.2.3"

[[projects]]
  name = "github.com/radovskyb/watcher"
  packages = ["."]
  revision = "6145e1439b9de93806925353403f91d2abbad8a5"
  version = "v1.0.2"

[solve-meta]
  analyzer-name = "dep"
  analyzer-version = 1
  inputs-digest = "cb2dd781e9b4fbe17fb1393cf4343e2d84770b5925ffa73933c13882bdba449b"
  solver-name = "gps-cdcl"
  solver-version = 1
